
Microsoft Visual Studio Solution File, Format Version 12.00
# Visual Studio Version 16
VisualStudioVersion = 16.0.30709.64
MinimumVisualStudioVersion = 10.0.40219.1
Project("{9A19103F-16F7-4668-BE54-9A1E7A4F7556}") = "TwitchMonitorConsole", "TwitchMonitorConsole\TwitchMonitorConsole.csproj", "{9A642CDD-5609-4F83-891D-AEFA7F786997}"
EndProject
Project("{9A19103F-16F7-4668-BE54-9A1E7A4F7556}") = "TwitchBot", "TwitchBot\TwitchBot.csproj", "{3CD00640-763F-4E51-AB1F-A4C12A7EB5F8}"
EndProject
Global
	GlobalSection(SolutionConfigurationPlatforms) = preSolution
		Debug|Any CPU = Debug|Any CPU
		Release|Any CPU = Release|Any CPU
	EndGlobalSection
	GlobalSection(ProjectConfigurationPlatforms) = postSolution
		{9A642CDD-5609-4F83-891D-AEFA7F786997}.Debug|Any CPU.ActiveCfg = Debug|Any CPU
		{9A642CDD-5609-4F83-891D-AEFA7F786997}.Debug|Any CPU.Build.0 = Debug|Any CPU
		{9A642CDD-5609-4F83-891D-AEFA7F786997}.Release|Any CPU.ActiveCfg = Release|Any CPU
		{9A642CDD-5609-4F83-891D-AEFA7F786997}.Release|Any CPU.Build.0 = Release|Any CPU
		{3CD00640-763F-4E51-AB1F-A4C12A7EB5F8}.Debug|Any CPU.ActiveCfg = Debug|Any CPU
		{3CD00640-763F-4E51-AB1F-A4C12A7EB5F8}.Debug|Any CPU.Build.0 = Debug|Any CPU
		{3CD00640-763F-4E51-AB1F-A4C12A7EB5F8}.Release|Any CPU.ActiveCfg = Release|Any CPU
		{3CD00640-763F-4E51-AB1F-A4C12A7EB5F8}.Release|Any CPU.Build.0 = Release|Any CPU
	EndGlobalSection
	GlobalSection(SolutionProperties) = preSolution
		HideSolutionNode = FALSE
	EndGlobalSection
	GlobalSection(ExtensibilityGlobals) = postSolution
		SolutionGuid = {8965B7DF-0C28-4247-9D3D-ACF526860CDA}
	EndGlobalSection
EndGlobal
